
Microsoft Visual Studio Solution File, Format Version 12.00
# Visual Studio Version 17
VisualStudioVersion = 17.14.36518.9 d17.14
MinimumVisualStudioVersion = 10.0.40219.1
Project("{FAE04EC0-301F-11D3-BF4B-00C04F79EFBC}") = "P9_714240039", "P9_714240039\P9_714240039.csproj", "{FF3C81AD-5F39-4C28-807A-1B15B5814666}"
EndProject
Global
	GlobalSection(SolutionConfigurationPlatforms) = preSolution
		Debug|Any CPU = Debug|Any CPU
		Release|Any CPU = Release|Any CPU
	EndGlobalSection
	GlobalSection(ProjectConfigurationPlatforms) = postSolution
		{FF3C81AD-5F39-4C28-807A-1B15B5814666}.Debug|Any CPU.ActiveCfg = Debug|Any CPU
		{FF3C81AD-5F39-4C28-807A-1B15B5814666}.Debug|Any CPU.Build.0 = Debug|Any CPU
		{FF3C81AD-5F39-4C28-807A-1B15B5814666}.Release|Any CPU.ActiveCfg = Release|Any CPU
		{FF3C81AD-5F39-4C28-807A-1B15B5814666}.Release|Any CPU.Build.0 = Release|Any CPU
	EndGlobalSection
	GlobalSection(SolutionProperties) = preSolution
		HideSolutionNode = FALSE
	EndGlobalSection
	GlobalSection(ExtensibilityGlobals) = postSolution
		SolutionGuid = {5F17549B-6A20-48B9-8214-870C56D09976}
	EndGlobalSection
EndGlobal
