
Microsoft Visual Studio Solution File, Format Version 12.00
# Visual Studio Version 17
VisualStudioVersion = 17.14.36518.9 d17.14
MinimumVisualStudioVersion = 10.0.40219.1
Project("{FAE04EC0-301F-11D3-BF4B-00C04F79EFBC}") = "P5_3_714240039", "P5_3_714240039\P5_3_714240039.csproj", "{491AE214-5FBF-49A5-A4E9-FFCEA71278CD}"
EndProject
Global
	GlobalSection(SolutionConfigurationPlatforms) = preSolution
		Debug|Any CPU = Debug|Any CPU
		Release|Any CPU = Release|Any CPU
	EndGlobalSection
	GlobalSection(ProjectConfigurationPlatforms) = postSolution
		{491AE214-5FBF-49A5-A4E9-FFCEA71278CD}.Debug|Any CPU.ActiveCfg = Debug|Any CPU
		{491AE214-5FBF-49A5-A4E9-FFCEA71278CD}.Debug|Any CPU.Build.0 = Debug|Any CPU
		{491AE214-5FBF-49A5-A4E9-FFCEA71278CD}.Release|Any CPU.ActiveCfg = Release|Any CPU
		{491AE214-5FBF-49A5-A4E9-FFCEA71278CD}.Release|Any CPU.Build.0 = Release|Any CPU
	EndGlobalSection
	GlobalSection(SolutionProperties) = preSolution
		HideSolutionNode = FALSE
	EndGlobalSection
	GlobalSection(ExtensibilityGlobals) = postSolution
		SolutionGuid = {A240F01F-02EF-4F3D-9F89-E1EA3DA04ADB}
	EndGlobalSection
EndGlobal
